{
  "nodes": {
    "_1password-shell-plugins": {
      "inputs": {
        "flake-utils": "flake-utils",
        "nixpkgs": "nixpkgs"
      },
      "locked": {
        "lastModified": 1731538670,
        "narHash": "sha256-NYE6K3NBctcxCzMVv34j8XFMVFExRK3u0M9iNMxIIxc=",
        "owner": "1Password",
        "repo": "shell-plugins",
        "rev": "2a7d40447b8abdd8acc68cbfc4212f39c7fb9df8",
        "type": "github"
      },
      "original": {
        "owner": "1Password",
        "repo": "shell-plugins",
        "type": "github"
      }
    },
    "ags": {
      "inputs": {
        "astal": "astal",
        "nixpkgs": "nixpkgs_2"
      },
      "locked": {
        "lastModified": 1732307740,
        "narHash": "sha256-ZDsYdZOtg5qkK/wfLLB83B3SI+fE32S+/6Ey0ggHODM=",
        "owner": "Aylur",
        "repo": "ags",
        "rev": "81159966eb8b39b66c3efc133982fd76920c9605",
        "type": "github"
      },
      "original": {
        "owner": "Aylur",
        "repo": "ags",
        "type": "github"
      }
    },
    "astal": {
      "inputs": {
        "nixpkgs": [
          "ags",
          "nixpkgs"
        ]
      },
      "locked": {
        "lastModified": 1731952585,
        "narHash": "sha256-Sh1E7sJd8JJM3PCU1ZOei/QWz97OLCENIi2rTRoaniw=",
        "owner": "aylur",
        "repo": "astal",
        "rev": "664c7a4ddfcf48c6e8accd3c33bb94424b0e8609",
        "type": "github"
      },
      "original": {
        "owner": "aylur",
        "repo": "astal",
        "type": "github"
      }
    },
    "flake-parts": {
      "inputs": {
        "nixpkgs-lib": "nixpkgs-lib"
      },
      "locked": {
        "lastModified": 1714606777,
        "narHash": "sha256-bMkNmAXLj8iyTvxaaD/StcLSadbj1chPcJOjtuVnLmA=",
        "owner": "hercules-ci",
        "repo": "flake-parts",
        "rev": "4d34ce6412bc450b1d4208c953dc97c7fc764f1a",
        "type": "github"
      },
      "original": {
        "owner": "hercules-ci",
        "repo": "flake-parts",
        "type": "github"
      }
    },
    "flake-root": {
      "locked": {
        "lastModified": 1713493429,
        "narHash": "sha256-ztz8JQkI08tjKnsTpfLqzWoKFQF4JGu2LRz8bkdnYUk=",
        "owner": "srid",
        "repo": "flake-root",
        "rev": "bc748b93b86ee76e2032eecda33440ceb2532fcd",
        "type": "github"
      },
      "original": {
        "owner": "srid",
        "repo": "flake-root",
        "type": "github"
      }
    },
    "flake-utils": {
      "inputs": {
        "systems": "systems"
      },
      "locked": {
        "lastModified": 1710146030,
        "narHash": "sha256-SZ5L6eA7HJ/nmkzGG7/ISclqe6oZdOZTNoesiInkXPQ=",
        "owner": "numtide",
        "repo": "flake-utils",
        "rev": "b1d9ab70662946ef0850d488da1c9019f3a9752a",
        "type": "github"
      },
      "original": {
        "owner": "numtide",
        "repo": "flake-utils",
        "type": "github"
      }
    },
    "home-manager": {
      "inputs": {
        "nixpkgs": [
          "nixpkgs"
        ]
      },
      "locked": {
        "lastModified": 1733133928,
        "narHash": "sha256-gU40r9AfpIr4eq+0noM8yH1Hxf+EA3dqfIpFtQl8Y1E=",
        "owner": "nix-community",
        "repo": "home-manager",
        "rev": "873e39d5f4437d2f3ab06881fea8e63e45e1d011",
        "type": "github"
      },
      "original": {
        "owner": "nix-community",
        "repo": "home-manager",
        "type": "github"
      }
    },
    "nix-index-database": {
      "inputs": {
        "nixpkgs": [
          "nixpkgs"
        ]
      },
      "locked": {
        "lastModified": 1733024876,
        "narHash": "sha256-vy9Q41hBE7Zg0yakF79neVgb3i3PQMSMR7uHPpPywFE=",
        "owner": "nix-community",
        "repo": "nix-index-database",
        "rev": "6e0b7f81367069589a480b91603a10bcf71f3103",
        "type": "github"
      },
      "original": {
        "owner": "nix-community",
        "repo": "nix-index-database",
        "type": "github"
      }
    },
    "nixd": {
      "inputs": {
        "flake-parts": "flake-parts",
        "flake-root": "flake-root",
        "nixpkgs": "nixpkgs_3",
        "treefmt-nix": "treefmt-nix"
      },
      "locked": {
        "lastModified": 1732760430,
        "narHash": "sha256-HC+kuzNIL5q87s5ISeJQk3Dv8pqg8U8wDyRSBrpFeFY=",
        "owner": "nix-community",
        "repo": "nixd",
        "rev": "f12e2f77094ac73c1b1101390c02ec5bcf69ad46",
        "type": "github"
      },
      "original": {
        "owner": "nix-community",
        "repo": "nixd",
        "type": "github"
      }
    },
    "nixpkgs": {
      "locked": {
        "lastModified": 1716358718,
        "narHash": "sha256-NQbegJb2ZZnAqp2EJhWwTf6DrZXSpA6xZCEq+RGV1r0=",
        "owner": "NixOS",
        "repo": "nixpkgs",
        "rev": "3f316d2a50699a78afe5e77ca486ad553169061e",
        "type": "github"
      },
      "original": {
        "owner": "NixOS",
        "ref": "nixpkgs-unstable",
        "repo": "nixpkgs",
        "type": "github"
      }
    },
    "nixpkgs-lib": {
      "locked": {
        "dir": "lib",
        "lastModified": 1714253743,
        "narHash": "sha256-mdTQw2XlariysyScCv2tTE45QSU9v/ezLcHJ22f0Nxc=",
        "owner": "NixOS",
        "repo": "nixpkgs",
        "rev": "58a1abdbae3217ca6b702f03d3b35125d88a2994",
        "type": "github"
      },
      "original": {
        "dir": "lib",
        "owner": "NixOS",
        "ref": "nixos-unstable",
        "repo": "nixpkgs",
        "type": "github"
      }
    },
    "nixpkgs_2": {
      "locked": {
        "lastModified": 1731676054,
        "narHash": "sha256-OZiZ3m8SCMfh3B6bfGC/Bm4x3qc1m2SVEAlkV6iY7Yg=",
        "owner": "nixos",
        "repo": "nixpkgs",
        "rev": "5e4fbfb6b3de1aa2872b76d49fafc942626e2add",
        "type": "github"
      },
      "original": {
        "owner": "nixos",
        "ref": "nixos-unstable",
        "repo": "nixpkgs",
        "type": "github"
      }
    },
    "nixpkgs_3": {
      "locked": {
        "lastModified": 1732617236,
        "narHash": "sha256-PYkz6U0bSEaEB1al7O1XsqVNeSNS+s3NVclJw7YC43w=",
        "owner": "NixOS",
        "repo": "nixpkgs",
        "rev": "af51545ec9a44eadf3fe3547610a5cdd882bc34e",
        "type": "github"
      },
      "original": {
        "owner": "NixOS",
        "ref": "nixpkgs-unstable",
        "repo": "nixpkgs",
        "type": "github"
      }
    },
    "nixpkgs_4": {
      "locked": {
        "lastModified": 1733064805,
        "narHash": "sha256-7NbtSLfZO0q7MXPl5hzA0sbVJt6pWxxtGWbaVUDDmjs=",
        "owner": "nixos",
        "repo": "nixpkgs",
        "rev": "31d66ae40417bb13765b0ad75dd200400e98de84",
        "type": "github"
      },
      "original": {
        "owner": "nixos",
        "ref": "nixpkgs-unstable",
        "repo": "nixpkgs",
        "type": "github"
      }
    },
    "root": {
      "inputs": {
        "_1password-shell-plugins": "_1password-shell-plugins",
        "ags": "ags",
        "home-manager": "home-manager",
        "nix-index-database": "nix-index-database",
        "nixd": "nixd",
        "nixpkgs": "nixpkgs_4"
      }
    },
    "systems": {
      "locked": {
        "lastModified": 1681028828,
        "narHash": "sha256-Vy1rq5AaRuLzOxct8nz4T6wlgyUR7zLU309k9mBC768=",
        "owner": "nix-systems",
        "repo": "default",
        "rev": "da67096a3b9bf56a91d16901293e51ba5b49a27e",
        "type": "github"
      },
      "original": {
        "owner": "nix-systems",
        "repo": "default",
        "type": "github"
      }
    },
    "treefmt-nix": {
      "inputs": {
        "nixpkgs": [
          "nixd",
          "nixpkgs"
        ]
      },
      "locked": {
        "lastModified": 1722330636,
        "narHash": "sha256-uru7JzOa33YlSRwf9sfXpJG+UAV+bnBEYMjrzKrQZFw=",
        "owner": "numtide",
        "repo": "treefmt-nix",
        "rev": "768acdb06968e53aa1ee8de207fd955335c754b7",
        "type": "github"
      },
      "original": {
        "owner": "numtide",
        "repo": "treefmt-nix",
        "type": "github"
      }
    }
  },
  "root": "root",
  "version": 7
}
